// !$*UTF8*$!
{
	archiveVersion = 1;
	classes = {
	};
	objectVersion = 46;
	objects = {

/* Begin PBXBuildFile section */
		BA47E9A71F42FFB100919355 /* SystemConfiguration.framework in Frameworks */ = {isa = PBXBuildFile; fileRef = BA47E9A61F42FFB100919355 /* SystemConfiguration.framework */; };
		BA7DF81A1F41A0BD00D5245A /* ProgressViewController.swift in Sources */ = {isa = PBXBuildFile; fileRef = BA7DF8191F41A0BD00D5245A /* ProgressViewController.swift */; };
		BAD8AC3E1F41DFB60040C4AB /* PhotosProvider.swift in Sources */ = {isa = PBXBuildFile; fileRef = BAD8AC3D1F41DFB60040C4AB /* PhotosProvider.swift */; };
		BAD8AC401F41E1020040C4AB /* UI.swift in Sources */ = {isa = PBXBuildFile; fileRef = BAD8AC3F1F41E1020040C4AB /* UI.swift */; };
		BAD8AC421F41E1820040C4AB /* PhotosManager.swift in Sources */ = {isa = PBXBuildFile; fileRef = BAD8AC411F41E1820040C4AB /* PhotosManager.swift */; };
		BAD8AC441F41E1B30040C4AB /* Tools.swift in Sources */ = {isa = PBXBuildFile; fileRef = BAD8AC431F41E1B30040C4AB /* Tools.swift */; };
		BAD8AC461F41E2310040C4AB /* ContentController.swift in Sources */ = {isa = PBXBuildFile; fileRef = BAD8AC451F41E2310040C4AB /* ContentController.swift */; };
		BAD8AC481F41E3DF0040C4AB /* PhotosDisplayController.swift in Sources */ = {isa = PBXBuildFile; fileRef = BAD8AC471F41E3DF0040C4AB /* PhotosDisplayController.swift */; };
		BAD8AC4A1F41E6910040C4AB /* Model.swift in Sources */ = {isa = PBXBuildFile; fileRef = BAD8AC491F41E6910040C4AB /* Model.swift */; };
		BAE74ECC1F3F7C62000C9814 /* Images.xcassets in Resources */ = {isa = PBXBuildFile; fileRef = BAE74ECB1F3F7C62000C9814 /* Images.xcassets */; };
		BAE74ECE1F3F7C6F000C9814 /* PhotosSheet.swift in Sources */ = {isa = PBXBuildFile; fileRef = BAE74ECD1F3F7C6F000C9814 /* PhotosSheet.swift */; };
		BAE74F001F401E5C000C9814 /* Localizable.strings in Resources */ = {isa = PBXBuildFile; fileRef = BAE74F021F401E5C000C9814 /* Localizable.strings */; };
/* End PBXBuildFile section */

/* Begin PBXFileReference section */
		A52427D320285E5A005FD208 /* ru */ = {isa = PBXFileReference; lastKnownFileType = text.plist.strings; name = ru; path = ru.lproj/Localizable.strings; sourceTree = "<group>"; };
		BA47E9A61F42FFB100919355 /* SystemConfiguration.framework */ = {isa = PBXFileReference; lastKnownFileType = wrapper.framework; name = SystemConfiguration.framework; path = System/Library/Frameworks/SystemConfiguration.framework; sourceTree = SDKROOT; };
		BA7DF8191F41A0BD00D5245A /* ProgressViewController.swift */ = {isa = PBXFileReference; lastKnownFileType = sourcecode.swift; path = ProgressViewController.swift; sourceTree = "<group>"; };
		BAD8AC3D1F41DFB60040C4AB /* PhotosProvider.swift */ = {isa = PBXFileReference; lastKnownFileType = sourcecode.swift; path = PhotosProvider.swift; sourceTree = "<group>"; };
		BAD8AC3F1F41E1020040C4AB /* UI.swift */ = {isa = PBXFileReference; lastKnownFileType = sourcecode.swift; path = UI.swift; sourceTree = "<group>"; };
		BAD8AC411F41E1820040C4AB /* PhotosManager.swift */ = {isa = PBXFileReference; lastKnownFileType = sourcecode.swift; path = PhotosManager.swift; sourceTree = "<group>"; };
		BAD8AC431F41E1B30040C4AB /* Tools.swift */ = {isa = PBXFileReference; lastKnownFileType = sourcecode.swift; path = Tools.swift; sourceTree = "<group>"; };
		BAD8AC451F41E2310040C4AB /* ContentController.swift */ = {isa = PBXFileReference; lastKnownFileType = sourcecode.swift; path = ContentController.swift; sourceTree = "<group>"; };
		BAD8AC471F41E3DF0040C4AB /* PhotosDisplayController.swift */ = {isa = PBXFileReference; lastKnownFileType = sourcecode.swift; path = PhotosDisplayController.swift; sourceTree = "<group>"; };
		BAD8AC491F41E6910040C4AB /* Model.swift */ = {isa = PBXFileReference; lastKnownFileType = sourcecode.swift; path = Model.swift; sourceTree = "<group>"; };
		BAE74EC01F3F7C4E000C9814 /* PhotosSheet.framework */ = {isa = PBXFileReference; explicitFileType = wrapper.framework; includeInIndex = 0; path = PhotosSheet.framework; sourceTree = BUILT_PRODUCTS_DIR; };
		BAE74EC41F3F7C4E000C9814 /* Info.plist */ = {isa = PBXFileReference; lastKnownFileType = text.plist.xml; path = Info.plist; sourceTree = "<group>"; };
		BAE74ECB1F3F7C62000C9814 /* Images.xcassets */ = {isa = PBXFileReference; lastKnownFileType = folder.assetcatalog; path = Images.xcassets; sourceTree = "<group>"; };
		BAE74ECD1F3F7C6F000C9814 /* PhotosSheet.swift */ = {isa = PBXFileReference; fileEncoding = 4; lastKnownFileType = sourcecode.swift; path = PhotosSheet.swift; sourceTree = "<group>"; };
		BAE74F011F401E5C000C9814 /* en */ = {isa = PBXFileReference; lastKnownFileType = text.plist.strings; name = en; path = en.lproj/Localizable.strings; sourceTree = "<group>"; };
		BAE74F031F401E74000C9814 /* zh-Hans */ = {isa = PBXFileReference; lastKnownFileType = text.plist.strings; name = "zh-Hans"; path = "zh-Hans.lproj/Localizable.strings"; sourceTree = "<group>"; };
/* End PBXFileReference section */

/* Begin PBXFrameworksBuildPhase section */
		BAE74EBC1F3F7C4E000C9814 /* Frameworks */ = {
			isa = PBXFrameworksBuildPhase;
			buildActionMask = 2147483647;
			files = (
				BA47E9A71F42FFB100919355 /* SystemConfiguration.framework in Frameworks */,
			);
			runOnlyForDeploymentPostprocessing = 0;
		};
/* End PBXFrameworksBuildPhase section */

/* Begin PBXGroup section */
		BA47E9A51F42FFB100919355 /* Frameworks */ = {
			isa = PBXGroup;
			children = (
				BA47E9A61F42FFB100919355 /* SystemConfiguration.framework */,
			);
			name = Frameworks;
			sourceTree = "<group>";
		};
		BAD8AC4B1F41E7B90040C4AB /* Classes */ = {
			isa = PBXGroup;
			children = (
				BAE74ECD1F3F7C6F000C9814 /* PhotosSheet.swift */,
				BAD8AC451F41E2310040C4AB /* ContentController.swift */,
				BAD8AC471F41E3DF0040C4AB /* PhotosDisplayController.swift */,
				BAD8AC3D1F41DFB60040C4AB /* PhotosProvider.swift */,
				BAD8AC411F41E1820040C4AB /* PhotosManager.swift */,
				BAD8AC491F41E6910040C4AB /* Model.swift */,
				BAD8AC3F1F41E1020040C4AB /* UI.swift */,
				BA7DF8191F41A0BD00D5245A /* ProgressViewController.swift */,
				BAD8AC431F41E1B30040C4AB /* Tools.swift */,
			);
			path = Classes;
			sourceTree = "<group>";
		};
		BAE74EB61F3F7C4E000C9814 = {
			isa = PBXGroup;
			children = (
				BAE74EC21F3F7C4E000C9814 /* PhotosSheet */,
				BAE74EC11F3F7C4E000C9814 /* Products */,
				BA47E9A51F42FFB100919355 /* Frameworks */,
			);
			sourceTree = "<group>";
		};
		BAE74EC11F3F7C4E000C9814 /* Products */ = {
			isa = PBXGroup;
			children = (
				BAE74EC01F3F7C4E000C9814 /* PhotosSheet.framework */,
			);
			name = Products;
			sourceTree = "<group>";
		};
		BAE74EC21F3F7C4E000C9814 /* PhotosSheet */ = {
			isa = PBXGroup;
			children = (
				BAD8AC4B1F41E7B90040C4AB /* Classes */,
				BAE74EC41F3F7C4E000C9814 /* Info.plist */,
				BAE74ECB1F3F7C62000C9814 /* Images.xcassets */,
				BAE74F021F401E5C000C9814 /* Localizable.strings */,
			);
			path = PhotosSheet;
			sourceTree = "<group>";
		};
/* End PBXGroup section */

/* Begin PBXHeadersBuildPhase section */
		BAE74EBD1F3F7C4E000C9814 /* Headers */ = {
			isa = PBXHeadersBuildPhase;
			buildActionMask = 2147483647;
			files = (
			);
			runOnlyForDeploymentPostprocessing = 0;
		};
/* End PBXHeadersBuildPhase section */

/* Begin PBXNativeTarget section */
		BAE74EBF1F3F7C4E000C9814 /* PhotosSheet */ = {
			isa = PBXNativeTarget;
			buildConfigurationList = BAE74EC81F3F7C4E000C9814 /* Build configuration list for PBXNativeTarget "PhotosSheet" */;
			buildPhases = (
				BAE74EBB1F3F7C4E000C9814 /* Sources */,
				BAE74EBC1F3F7C4E000C9814 /* Frameworks */,
				BAE74EBD1F3F7C4E000C9814 /* Headers */,
				BAE74EBE1F3F7C4E000C9814 /* Resources */,
			);
			buildRules = (
			);
			dependencies = (
			);
			name = PhotosSheet;
			productName = PhotosSheet;
			productReference = BAE74EC01F3F7C4E000C9814 /* PhotosSheet.framework */;
			productType = "com.apple.product-type.framework";
		};
/* End PBXNativeTarget section */

/* Begin PBXProject section */
		BAE74EB71F3F7C4E000C9814 /* Project object */ = {
			isa = PBXProject;
			attributes = {
				LastUpgradeCheck = 0900;
				TargetAttributes = {
					BAE74EBF1F3F7C4E000C9814 = {
						CreatedOnToolsVersion = 8.3.2;
						DevelopmentTeam = 9PA6Z533LV;
						LastSwiftMigration = 0830;
						ProvisioningStyle = Automatic;
					};
				};
			};
			buildConfigurationList = BAE74EBA1F3F7C4E000C9814 /* Build configuration list for PBXProject "PhotosSheet" */;
			compatibilityVersion = "Xcode 3.2";
			developmentRegion = English;
			hasScannedForEncodings = 0;
			knownRegions = (
				en,
				"zh-Hans",
				ru,
			);
			mainGroup = BAE74EB61F3F7C4E000C9814;
			productRefGroup = BAE74EC11F3F7C4E000C9814 /* Products */;
			projectDirPath = "";
			projectRoot = "";
			targets = (
				BAE74EBF1F3F7C4E000C9814 /* PhotosSheet */,
			);
		};
/* End PBXProject section */

/* Begin PBXResourcesBuildPhase section */
		BAE74EBE1F3F7C4E000C9814 /* Resources */ = {
			isa = PBXResourcesBuildPhase;
			buildActionMask = 2147483647;
			files = (
				BAE74ECC1F3F7C62000C9814 /* Images.xcassets in Resources */,
				BAE74F001F401E5C000C9814 /* Localizable.strings in Resources */,
			);
			runOnlyForDeploymentPostprocessing = 0;
		};
/* End PBXResourcesBuildPhase section */

/* Begin PBXSourcesBuildPhase section */
		BAE74EBB1F3F7C4E000C9814 /* Sources */ = {
			isa = PBXSourcesBuildPhase;
			buildActionMask = 2147483647;
			files = (
				BAD8AC4A1F41E6910040C4AB /* Model.swift in Sources */,
				BAE74ECE1F3F7C6F000C9814 /* PhotosSheet.swift in Sources */,
				BAD8AC401F41E1020040C4AB /* UI.swift in Sources */,
				BA7DF81A1F41A0BD00D5245A /* ProgressViewController.swift in Sources */,
				BAD8AC441F41E1B30040C4AB /* Tools.swift in Sources */,
				BAD8AC3E1F41DFB60040C4AB /* PhotosProvider.swift in Sources */,
				BAD8AC461F41E2310040C4AB /* ContentController.swift in Sources */,
				BAD8AC421F41E1820040C4AB /* PhotosManager.swift in Sources */,
				BAD8AC481F41E3DF0040C4AB /* PhotosDisplayController.swift in Sources */,
			);
			runOnlyForDeploymentPostprocessing = 0;
		};
/* End PBXSourcesBuildPhase section */

/* Begin PBXVariantGroup section */
		BAE74F021F401E5C000C9814 /* Localizable.strings */ = {
			isa = PBXVariantGroup;
			children = (
				BAE74F011F401E5C000C9814 /* en */,
				BAE74F031F401E74000C9814 /* zh-Hans */,
				A52427D320285E5A005FD208 /* ru */,
			);
			name = Localizable.strings;
			sourceTree = "<group>";
		};
/* End PBXVariantGroup section */

/* Begin XCBuildConfiguration section */
		BAE74EC61F3F7C4E000C9814 /* Debug */ = {
			isa = XCBuildConfiguration;
			buildSettings = {
				ALWAYS_SEARCH_USER_PATHS = NO;
				CLANG_ANALYZER_LOCALIZABILITY_NONLOCALIZED = YES;
				CLANG_ANALYZER_NONNULL = YES;
				CLANG_ANALYZER_NUMBER_OBJECT_CONVERSION = YES_AGGRESSIVE;
				CLANG_CXX_LANGUAGE_STANDARD = "gnu++0x";
				CLANG_CXX_LIBRARY = "libc++";
				CLANG_ENABLE_MODULES = YES;
				CLANG_ENABLE_OBJC_ARC = YES;
				CLANG_WARN_BLOCK_CAPTURE_AUTORELEASING = YES;
				CLANG_WARN_BOOL_CONVERSION = YES;
				CLANG_WARN_COMMA = YES;
				CLANG_WARN_CONSTANT_CONVERSION = YES;
				CLANG_WARN_DIRECT_OBJC_ISA_USAGE = YES_ERROR;
				CLANG_WARN_DOCUMENTATION_COMMENTS = YES;
				CLANG_WARN_EMPTY_BODY = YES;
				CLANG_WARN_ENUM_CONVERSION = YES;
				CLANG_WARN_INFINITE_RECURSION = YES;
				CLANG_WARN_INT_CONVERSION = YES;
				CLANG_WARN_NON_LITERAL_NULL_CONVERSION = YES;
				CLANG_WARN_OBJC_LITERAL_CONVERSION = YES;
				CLANG_WARN_OBJC_ROOT_CLASS = YES_ERROR;
				CLANG_WARN_RANGE_LOOP_ANALYSIS = YES;
				CLANG_WARN_STRICT_PROTOTYPES = YES;
				CLANG_WARN_SUSPICIOUS_MOVE = YES;
				CLANG_WARN_UNREACHABLE_CODE = YES;
				CLANG_WARN__DUPLICATE_METHOD_MATCH = YES;
				"CODE_SIGN_IDENTITY[sdk=iphoneos*]" = "iPhone Developer";
				COPY_PHASE_STRIP = NO;
				CURRENT_PROJECT_VERSION = 1;
				DEBUG_INFORMATION_FORMAT = dwarf;
				ENABLE_STRICT_OBJC_MSGSEND = YES;
				ENABLE_TESTABILITY = YES;
				GCC_C_LANGUAGE_STANDARD = gnu99;
				GCC_DYNAMIC_NO_PIC = NO;
				GCC_NO_COMMON_BLOCKS = YES;
				GCC_OPTIMIZATION_LEVEL = 0;
				GCC_PREPROCESSOR_DEFINITIONS = (
					"DEBUG=1",
					"$(inherited)",
				);
				GCC_WARN_64_TO_32_BIT_CONVERSION = YES;
				GCC_WARN_ABOUT_RETURN_TYPE = YES_ERROR;
				GCC_WARN_UNDECLARED_SELECTOR = YES;
				GCC_WARN_UNINITIALIZED_AUTOS = YES_AGGRESSIVE;
				GCC_WARN_UNUSED_FUNCTION = YES;
				GCC_WARN_UNUSED_VARIABLE = YES;
				IPHONEOS_DEPLOYMENT_TARGET = 10.3;
				MTL_ENABLE_DEBUG_INFO = YES;
				ONLY_ACTIVE_ARCH = YES;
				SDKROOT = iphoneos;
				SWIFT_ACTIVE_COMPILATION_CONDITIONS = DEBUG;
				SWIFT_OPTIMIZATION_LEVEL = "-Onone";
				TARGETED_DEVICE_FAMILY = "1,2";
				VERSIONING_SYSTEM = "apple-generic";
				VERSION_INFO_PREFIX = "";
			};
			name = Debug;
		};
		BAE74EC71F3F7C4E000C9814 /* Release */ = {
			isa = XCBuildConfiguration;
			buildSettings = {
				ALWAYS_SEARCH_USER_PATHS = NO;
				CLANG_ANALYZER_LOCALIZABILITY_NONLOCALIZED = YES;
				CLANG_ANALYZER_NONNULL = YES;
				CLANG_ANALYZER_NUMBER_OBJECT_CONVERSION = YES_AGGRESSIVE;
				CLANG_CXX_LANGUAGE_STANDARD = "gnu++0x";
				CLANG_CXX_LIBRARY = "libc++";
				CLANG_ENABLE_MODULES = YES;
				CLANG_ENABLE_OBJC_ARC = YES;
				CLANG_WARN_BLOCK_CAPTURE_AUTORELEASING = YES;
				CLANG_WARN_BOOL_CONVERSION = YES;
				CLANG_WARN_COMMA = YES;
				CLANG_WARN_CONSTANT_CONVERSION = YES;
				CLANG_WARN_DIRECT_OBJC_ISA_USAGE = YES_ERROR;
				CLANG_WARN_DOCUMENTATION_COMMENTS = YES;
				CLANG_WARN_EMPTY_BODY = YES;
				CLANG_WARN_ENUM_CONVERSION = YES;
				CLANG_WARN_INFINITE_RECURSION = YES;
				CLANG_WARN_INT_CONVERSION = YES;
				CLANG_WARN_NON_LITERAL_NULL_CONVERSION = YES;
				CLANG_WARN_OBJC_LITERAL_CONVERSION = YES;
				CLANG_WARN_OBJC_ROOT_CLASS = YES_ERROR;
				CLANG_WARN_RANGE_LOOP_ANALYSIS = YES;
				CLANG_WARN_STRICT_PROTOTYPES = YES;
				CLANG_WARN_SUSPICIOUS_MOVE = YES;
				CLANG_WARN_UNREACHABLE_CODE = YES;
				CLANG_WARN__DUPLICATE_METHOD_MATCH = YES;
				"CODE_SIGN_IDENTITY[sdk=iphoneos*]" = "iPhone Developer";
				COPY_PHASE_STRIP = NO;
				CURRENT_PROJECT_VERSION = 1;
				DEBUG_INFORMATION_FORMAT = "dwarf-with-dsym";
				ENABLE_NS_ASSERTIONS = NO;
				ENABLE_STRICT_OBJC_MSGSEND = YES;
				GCC_C_LANGUAGE_STANDARD = gnu99;
				GCC_NO_COMMON_BLOCKS = YES;
				GCC_WARN_64_TO_32_BIT_CONVERSION = YES;
				GCC_WARN_ABOUT_RETURN_TYPE = YES_ERROR;
				GCC_WARN_UNDECLARED_SELECTOR = YES;
				GCC_WARN_UNINITIALIZED_AUTOS = YES_AGGRESSIVE;
				GCC_WARN_UNUSED_FUNCTION = YES;
				GCC_WARN_UNUSED_VARIABLE = YES;
				IPHONEOS_DEPLOYMENT_TARGET = 10.3;
				MTL_ENABLE_DEBUG_INFO = NO;
				SDKROOT = iphoneos;
				SWIFT_OPTIMIZATION_LEVEL = "-Owholemodule";
				TARGETED_DEVICE_FAMILY = "1,2";
				VALIDATE_PRODUCT = YES;
				VERSIONING_SYSTEM = "apple-generic";
				VERSION_INFO_PREFIX = "";
			};
			name = Release;
		};
		BAE74EC91F3F7C4E000C9814 /* Debug */ = {
			isa = XCBuildConfiguration;
			buildSettings = {
				CLANG_ENABLE_MODULES = YES;
				CODE_SIGN_IDENTITY = "";
				DEFINES_MODULE = YES;
				DEVELOPMENT_TEAM = 9PA6Z533LV;
				DYLIB_COMPATIBILITY_VERSION = 1;
				DYLIB_CURRENT_VERSION = 1;
				DYLIB_INSTALL_NAME_BASE = "@rpath";
				INFOPLIST_FILE = PhotosSheet/Info.plist;
				INSTALL_PATH = "$(LOCAL_LIBRARY_DIR)/Frameworks";
				IPHONEOS_DEPLOYMENT_TARGET = 9.0;
				LD_RUNPATH_SEARCH_PATHS = "$(inherited) @executable_path/Frameworks @loader_path/Frameworks";
				PRODUCT_BUNDLE_IDENTIFIER = personal.tangent.PhotosSheet;
				PRODUCT_NAME = "$(TARGET_NAME)";
				SKIP_INSTALL = YES;
				SWIFT_OPTIMIZATION_LEVEL = "-Onone";
				SWIFT_VERSION = 4.2;
			};
			name = Debug;
		};
		BAE74ECA1F3F7C4E000C9814 /* Release */ = {
			isa = XCBuildConfiguration;
			buildSettings = {
				CLANG_ENABLE_MODULES = YES;
				CODE_SIGN_IDENTITY = "";
				DEFINES_MODULE = YES;
				DEVELOPMENT_TEAM = 9PA6Z533LV;
				DYLIB_COMPATIBILITY_VERSION = 1;
				DYLIB_CURRENT_VERSION = 1;
				DYLIB_INSTALL_NAME_BASE = "@rpath";
				INFOPLIST_FILE = PhotosSheet/Info.plist;
				INSTALL_PATH = "$(LOCAL_LIBRARY_DIR)/Frameworks";
				IPHONEOS_DEPLOYMENT_TARGET = 9.0;
				LD_RUNPATH_SEARCH_PATHS = "$(inherited) @executable_path/Frameworks @loader_path/Frameworks";
				PRODUCT_BUNDLE_IDENTIFIER = personal.tangent.PhotosSheet;
				PRODUCT_NAME = "$(TARGET_NAME)";
				SKIP_INSTALL = YES;
				SWIFT_VERSION = 4.2;
			};
			name = Release;
		};
/* End XCBuildConfiguration section */

/* Begin XCConfigurationList section */
		BAE74EBA1F3F7C4E000C9814 /* Build configuration list for PBXProject "PhotosSheet" */ = {
			isa = XCConfigurationList;
			buildConfigurations = (
				BAE74EC61F3F7C4E000C9814 /* Debug */,
				BAE74EC71F3F7C4E000C9814 /* Release */,
			);
			defaultConfigurationIsVisible = 0;
			defaultConfigurationName = Release;
		};
		BAE74EC81F3F7C4E000C9814 /* Build configuration list for PBXNativeTarget "PhotosSheet" */ = {
			isa = XCConfigurationList;
			buildConfigurations = (
				BAE74EC91F3F7C4E000C9814 /* Debug */,
				BAE74ECA1F3F7C4E000C9814 /* Release */,
			);
			defaultConfigurationIsVisible = 0;
			defaultConfigurationName = Release;
		};
/* End XCConfigurationList section */
	};
	rootObject = BAE74EB71F3F7C4E000C9814 /* Project object */;
}
